
Microsoft Visual Studio Solution File, Format Version 12.00
# Visual Studio 2013
VisualStudioVersion = 12.0.30501.0
MinimumVisualStudioVersion = 10.0.40219.1
Project("{FAE04EC0-301F-11D3-BF4B-00C04F79EFBC}") = "StringCalculator.App", "StringCalculator.App\StringCalculator.App.csproj", "{4AAB0249-445D-4FA2-B3E5-909D10446D1A}"
EndProject
Project("{FAE04EC0-301F-11D3-BF4B-00C04F79EFBC}") = "StringCalculator.Logic", "StringCalculator.Logic\StringCalculator.Logic.csproj", "{47FF787E-B803-4427-A98F-20584909DAED}"
EndProject
Project("{FAE04EC0-301F-11D3-BF4B-00C04F79EFBC}") = "StringCalculator.Tests", "StringCalculator.Tests\StringCalculator.Tests.csproj", "{5D1666CC-DEBA-4ADE-B0D6-1FBC160AFE58}"
EndProject
Global
	GlobalSection(SolutionConfigurationPlatforms) = preSolution
		Debug|Any CPU = Debug|Any CPU
		Release|Any CPU = Release|Any CPU
	EndGlobalSection
	GlobalSection(ProjectConfigurationPlatforms) = postSolution
		{4AAB0249-445D-4FA2-B3E5-909D10446D1A}.Debug|Any CPU.ActiveCfg = Debug|Any CPU
		{4AAB0249-445D-4FA2-B3E5-909D10446D1A}.Debug|Any CPU.Build.0 = Debug|Any CPU
		{4AAB0249-445D-4FA2-B3E5-909D10446D1A}.Release|Any CPU.ActiveCfg = Release|Any CPU
		{4AAB0249-445D-4FA2-B3E5-909D10446D1A}.Release|Any CPU.Build.0 = Release|Any CPU
		{47FF787E-B803-4427-A98F-20584909DAED}.Debug|Any CPU.ActiveCfg = Debug|Any CPU
		{47FF787E-B803-4427-A98F-20584909DAED}.Debug|Any CPU.Build.0 = Debug|Any CPU
		{47FF787E-B803-4427-A98F-20584909DAED}.Release|Any CPU.ActiveCfg = Release|Any CPU
		{47FF787E-B803-4427-A98F-20584909DAED}.Release|Any CPU.Build.0 = Release|Any CPU
		{5D1666CC-DEBA-4ADE-B0D6-1FBC160AFE58}.Debug|Any CPU.ActiveCfg = Debug|Any CPU
		{5D1666CC-DEBA-4ADE-B0D6-1FBC160AFE58}.Debug|Any CPU.Build.0 = Debug|Any CPU
		{5D1666CC-DEBA-4ADE-B0D6-1FBC160AFE58}.Release|Any CPU.ActiveCfg = Release|Any CPU
		{5D1666CC-DEBA-4ADE-B0D6-1FBC160AFE58}.Release|Any CPU.Build.0 = Release|Any CPU
	EndGlobalSection
	GlobalSection(SolutionProperties) = preSolution
		HideSolutionNode = FALSE
	EndGlobalSection
EndGlobal
